<?xml version="1.0" encoding="utf-8"?>
<Project ToolsVersion="4.0" xmlns="http://schemas.microsoft.com/developer/msbuild/2003">
  <ItemGroup>
    <ClCompile Include="Common\MemoryCommon.cpp" />
    <ClCompile Include="DolphinProcess\DolphinAccessor.cpp" />
    <ClCompile Include="DolphinProcess\Linux\LinuxDolphinProcess.cpp" />
    <ClCompile Include="DolphinProcess\Windows\WindowsDolphinProcess.cpp" />
    <ClCompile Include="MainWindow.cpp" />
    <ClCompile Include="main.cpp" />
    <ClCompile Include="SMS\Spin\Spin.cpp">
      <Filter>Source Files</Filter>
    </ClCompile>
    <ClCompile Include="SMS\MapViewer\MapViewer.cpp">
      <Filter>Source Files</Filter>
    </ClCompile>
    <ClCompile Include="Memory\Memory.cpp">
      <Filter>Source Files</Filter>
    </ClCompile>
    <ClCompile Include="SMS\ObjectViewer\ObjectViewerItem.cpp">
      <Filter>Source Files</Filter>
    </ClCompile>
    <ClCompile Include="SMS\ObjectViewer\ObjectViewerModel.cpp">
      <Filter>Source Files</Filter>
    </ClCompile>
    <ClCompile Include="SMS\MapViewer\MapPinnaBeach.cpp">
      <Filter>Source Files</Filter>
    </ClCompile>
    <ClCompile Include="Test\TestMainWindow.cpp">
      <Filter>Source Files</Filter>
    </ClCompile>
    <ClCompile Include="SMS\RNGManipulator\RNGManipulator.cpp">
      <Filter>Source Files</Filter>
    </ClCompile>
    <ClCompile Include="Test\ReadWriteTest\ReadWriteTest.cpp">
      <Filter>Source Files</Filter>
    </ClCompile>
    <ClCompile Include="Test\ReadWriteTest\ReadWriteTestModel.cpp">
      <Filter>Source Files</Filter>
    </ClCompile>
    <ClCompile Include="Test\ReadWriteTest\ReadWriteTestItem.cpp">
      <Filter>Source Files</Filter>
    </ClCompile>
    <ClCompile Include="SMS\FluffManipulator\FluffManipulator.cpp">
      <Filter>Source Files</Filter>
    </ClCompile>
    <ClCompile Include="SMS\FluffManipulator\FluffManipulatorModel.cpp">
      <Filter>Source Files</Filter>
    </ClCompile>
    <ClCompile Include="SMS\FluffManipulator\FluffRNGFunctions.cpp">
      <Filter>Source Files</Filter>
    </ClCompile>
    <ClCompile Include="SMS\FluffManipulator\MapPianta8.cpp">
      <Filter>Source Files</Filter>
    </ClCompile>
    <ClCompile Include="SMS\ObjectViewer\ObjectParametersModel.cpp">
      <Filter>Source Files</Filter>
    </ClCompile>
    <ClCompile Include="SMS\ObjectViewer\ObjectParametersItem.cpp">
      <Filter>Source Files</Filter>
    </ClCompile>
    <ClCompile Include="Test\Test\Test.cpp">
      <Filter>Source Files</Filter>
    </ClCompile>
    <ClCompile Include="SMS\ObjectViewer\ObjectParameters.cpp">
      <Filter>Source Files</Filter>
    </ClCompile>
    <ClCompile Include="SMS\ObjectViewer\ObjectViewer.cpp">
      <Filter>Source Files</Filter>
    </ClCompile>
    <ClCompile Include="SMS\ObjectViewer\EditParametersDialog.cpp">
      <Filter>Source Files</Filter>
    </ClCompile>
    <ClCompile Include="SMS\ObjectViewer\EditParametersModel.cpp">
      <Filter>Source Files</Filter>
    </ClCompile>
    <ClCompile Include="SMS\ObjectViewer\ObjectSubParameters.cpp">
      <Filter>Source Files</Filter>
    </ClCompile>
    <ClCompile Include="SMS\ChuuHana\ChuuHanaMain.cpp">
      <Filter>Source Files</Filter>
    </ClCompile>
    <ClCompile Include="SMS\ChuuHana\ChuuHanaViewerL.cpp">
      <Filter>Source Files</Filter>
    </ClCompile>
    <ClCompile Include="SMS\ChuuHana\ChuuHanaViewerM.cpp">
      <Filter>Source Files</Filter>
    </ClCompile>
    <ClCompile Include="SMS\ChuuHana\ChuuHanaViewerS.cpp">
      <Filter>Source Files</Filter>
    </ClCompile>
    <ClCompile Include="SMS\ChuuHana\ChuuHanaManipulator.cpp">
      <Filter>Source Files</Filter>
    </ClCompile>
    <ClCompile Include="SMS\ChuuHana\ChuuHanaRNG.cpp">
      <Filter>Source Files</Filter>
    </ClCompile>
    <ClCompile Include="SMS\ChuuHana\ChuuHanaManipulatorModel.cpp">
      <Filter>Source Files</Filter>
    </ClCompile>
    <ClCompile Include="SMS\ChuuHana\ChuuHanaManipulatorDelegate.cpp">
      <Filter>Source Files</Filter>
    </ClCompile>
    <ClCompile Include="SMS\Amenbo\AmenboManipulator.cpp">
      <Filter>Source Files</Filter>
    </ClCompile>
    <ClCompile Include="SMS\RNGManipulator\RNGManipulatorDelegate.cpp">
      <Filter>Source Files</Filter>
    </ClCompile>
    <ClCompile Include="SMS\RNGManipulator\RNGManipulatorModel.cpp">
      <Filter>Source Files</Filter>
    </ClCompile>
    <ClCompile Include="SMS\RNGManipulator\RNG.cpp">
      <Filter>Source Files</Filter>
    </ClCompile>
    <ClCompile Include="SMS\RNGManipulator\RNGViewer.cpp">
      <Filter>Source Files</Filter>
    </ClCompile>
    <ClCompile Include="SMS\Manta\MapSirena1.cpp">
      <Filter>Source Files</Filter>
    </ClCompile>
    <ClCompile Include="SMS\Manta\MapViewerSirena1.cpp">
      <Filter>Source Files</Filter>
    </ClCompile>
  </ItemGroup>
  <ItemGroup>
    <ClInclude Include="Common\CommonTypes.h" />
    <ClInclude Include="Common\CommonUtils.h" />
    <ClInclude Include="Common\MemoryCommon.h" />
    <ClInclude Include="DolphinProcess\DolphinAccessor.h" />
    <ClInclude Include="DolphinProcess\IDolphinProcess.h" />
    <ClInclude Include="DolphinProcess\Linux\LinuxDolphinProcess.h" />
    <ClInclude Include="DolphinProcess\Windows\WindowsDolphinProcess.h" />
    <ClInclude Include="Memory\Memory.h">
      <Filter>Header Files</Filter>
    </ClInclude>
    <ClInclude Include="SMS\ObjectViewer\ObjectViewerItem.h">
      <Filter>Header Files</Filter>
    </ClInclude>
    <ClInclude Include="Test\ReadWriteTest\ReadWriteTestItem.h">
      <Filter>Header Files</Filter>
    </ClInclude>
    <ClInclude Include="SMS\FluffManipulator\FluffRNGFunctions.h">
      <Filter>Header Files</Filter>
    </ClInclude>
    <ClInclude Include="SMS\FluffManipulator\RNGFunctions.h">
      <Filter>Header Files</Filter>
    </ClInclude>
    <ClInclude Include="SMS\FluffManipulator\SMSData.h">
      <Filter>Header Files</Filter>
    </ClInclude>
    <ClInclude Include="SMS\ObjectViewer\ObjectParametersItem.h">
      <Filter>Header Files</Filter>
    </ClInclude>
    <ClInclude Include="Externals\json.hpp">
      <Filter>Header Files</Filter>
    </ClInclude>
    <ClInclude Include="SMS\ChuuHana\ChuuHanaRNG.h">
      <Filter>Header Files</Filter>
    </ClInclude>
    <ClInclude Include="SMS\ChuuHana\RNGFunctions.h">
      <Filter>Header Files</Filter>
    </ClInclude>
    <ClInclude Include="SMS\RNGManipulator\RNG.h">
      <Filter>Header Files</Filter>
    </ClInclude>
    <ClInclude Include="SMS\RNGManipulator\RNGFunctions.h">
      <Filter>Header Files</Filter>
    </ClInclude>
  </ItemGroup>
  <ItemGroup>
    <QtMoc Include="MainWindow.h" />
    <QtMoc Include="SMS\Spin\Spin.h">
      <Filter>Header Files</Filter>
    </QtMoc>
    <QtMoc Include="SMS\MapViewer\MapViewer.h">
      <Filter>Header Files</Filter>
    </QtMoc>
    <QtMoc Include="SMS\ObjectViewer\ObjectViewerModel.h">
      <Filter>Header Files</Filter>
    </QtMoc>
    <QtMoc Include="SMS\MapViewer\MapPinnaBeach.h">
      <Filter>Header Files</Filter>
    </QtMoc>
    <QtMoc Include="Test\TestMainWindow.h">
      <Filter>Header Files</Filter>
    </QtMoc>
    <QtMoc Include="SMS\RNGManipulator\RNGManipulator.h">
      <Filter>Header Files</Filter>
    </QtMoc>
    <QtMoc Include="Test\ReadWriteTest\ReadWriteTest.h">
      <Filter>Header Files</Filter>
    </QtMoc>
    <QtMoc Include="Test\ReadWriteTest\ReadWriteTestModel.h">
      <Filter>Header Files</Filter>
    </QtMoc>
    <QtMoc Include="SMS\FluffManipulator\FluffManipulator.h">
      <Filter>Header Files</Filter>
    </QtMoc>
    <QtMoc Include="SMS\FluffManipulator\FluffManipulatorModel.h">
      <Filter>Header Files</Filter>
    </QtMoc>
    <QtMoc Include="SMS\FluffManipulator\MapPianta8.h">
      <Filter>Header Files</Filter>
    </QtMoc>
    <QtMoc Include="SMS\ObjectViewer\ObjectParametersModel.h">
      <Filter>Header Files</Filter>
    </QtMoc>
    <QtMoc Include="Test\Test\Test.h">
      <Filter>Header Files</Filter>
    </QtMoc>
    <QtMoc Include="SMS\ObjectViewer\ObjectParameters.h">
      <Filter>Header Files</Filter>
    </QtMoc>
    <QtMoc Include="SMS\ObjectViewer\ObjectViewer.h">
      <Filter>Header Files</Filter>
    </QtMoc>
    <QtMoc Include="SMS\ObjectViewer\EditParametersDialog.h">
      <Filter>Header Files</Filter>
    </QtMoc>
    <QtMoc Include="SMS\ObjectViewer\EditParametersModel.h">
      <Filter>Header Files</Filter>
    </QtMoc>
    <QtMoc Include="SMS\ObjectViewer\ObjectSubParameters.h">
      <Filter>Header Files</Filter>
    </QtMoc>
    <QtMoc Include="SMS\ChuuHana\ChuuHanaMain.h">
      <Filter>Header Files</Filter>
    </QtMoc>
    <QtMoc Include="SMS\ChuuHana\ChuuHanaViewerL.h">
      <Filter>Header Files</Filter>
    </QtMoc>
    <QtMoc Include="SMS\ChuuHana\ChuuHanaViewerM.h">
      <Filter>Header Files</Filter>
    </QtMoc>
    <QtMoc Include="SMS\ChuuHana\ChuuHanaViewerS.h">
      <Filter>Header Files</Filter>
    </QtMoc>
    <QtMoc Include="SMS\ChuuHana\ChuuHanaManipulator.h">
      <Filter>Header Files</Filter>
    </QtMoc>
    <QtMoc Include="SMS\ChuuHana\ChuuHanaManipulatorModel.h">
      <Filter>Header Files</Filter>
    </QtMoc>
    <QtMoc Include="SMS\ChuuHana\ChuuHanaManipulatorDelegate.h">
      <Filter>Header Files</Filter>
    </QtMoc>
    <QtMoc Include="SMS\Amenbo\AmenboManipulator.h">
      <Filter>Header Files</Filter>
    </QtMoc>
    <QtMoc Include="SMS\RNGManipulator\RNGManipulatorDelegate.h">
      <Filter>Header Files</Filter>
    </QtMoc>
    <QtMoc Include="SMS\RNGManipulator\RNGManipulatorModel.h">
      <Filter>Header Files</Filter>
    </QtMoc>
    <QtMoc Include="SMS\RNGManipulator\RNGViewer.h">
      <Filter>Header Files</Filter>
    </QtMoc>
    <QtMoc Include="SMS\Manta\MapSirena1.h">
      <Filter>Header Files</Filter>
    </QtMoc>
  </ItemGroup>
  <ItemGroup>
    <QtRcc Include="Resource.qrc" />
  </ItemGroup>
  <ItemGroup>
    <QtUic Include="MainWindow.ui" />
    <QtUic Include="SMS\Spin\Spin.ui">
      <Filter>Form Files</Filter>
    </QtUic>
    <QtUic Include="Test\TestMainWindow.ui">
      <Filter>Form Files</Filter>
    </QtUic>
    <QtUic Include="Test\ReadWriteTest\ReadWriteTest.ui">
      <Filter>Form Files</Filter>
    </QtUic>
    <QtUic Include="Test\Test\Test.ui">
      <Filter>Form Files</Filter>
    </QtUic>
    <QtUic Include="SMS\ObjectViewer\ObjectParameters.ui">
      <Filter>Form Files</Filter>
    </QtUic>
    <QtUic Include="SMS\ObjectViewer\ObjectViewer.ui">
      <Filter>Form Files</Filter>
    </QtUic>
    <QtUic Include="SMS\ObjectViewer\EditParametersDialog.ui">
      <Filter>Form Files</Filter>
    </QtUic>
    <QtUic Include="SMS\ObjectViewer\ObjectSubParameters.ui">
      <Filter>Form Files</Filter>
    </QtUic>
  </ItemGroup>
  <ItemGroup>
    <Filter Include="Header Files">
      <UniqueIdentifier>{93995380-89BD-4b04-88EB-625FBE52EBFB}</UniqueIdentifier>
      <Extensions>h;hh;hpp;hxx;hm;inl;inc;xsd</Extensions>
      <ParseFiles>true</ParseFiles>
    </Filter>
    <Filter Include="Source Files">
      <UniqueIdentifier>{4FC737F1-C7A5-4376-A066-2A32D752A2FF}</UniqueIdentifier>
      <Extensions>cpp;c;cc;cxx;def;odl;idl;hpj;bat;asm;asmx</Extensions>
      <ParseFiles>true</ParseFiles>
    </Filter>
    <Filter Include="Form Files">
      <UniqueIdentifier>{99349809-55BA-4b9d-BF79-8FDBB0286EB3}</UniqueIdentifier>
      <Extensions>ui</Extensions>
      <ParseFiles>true</ParseFiles>
    </Filter>
  </ItemGroup>
  <ItemGroup>
    <None Include="SMS\Resources\ObjectViewer.json" />
    <None Include="SMS\Resources\ObjectViewer_managers.json" />
    <None Include="ClassDiagram.cd" />
  </ItemGroup>
  <ItemGroup>
    <Image Include="SMS\Resources\coin.png" />
    <Image Include="SMS\Resources\coin_blue.png" />
    <Image Include="SMS\Resources\coin_red.png" />
    <Image Include="SMS\Resources\fruit_banana.png" />
    <Image Include="SMS\Resources\fruit_coconut.png" />
    <Image Include="SMS\Resources\fruit_durian.png" />
    <Image Include="SMS\Resources\fruit_papaya.png" />
    <Image Include="SMS\Resources\fruit_pine.png" />
    <Image Include="SMS\Resources\mario.png" />
    <Image Include="SMS\Resources\shine.png" />
    <Image Include="SMS\Resources\PinnaBeach.png" />
    <Image Include="SMS\Resources\hidden_star.png" />
    <Image Include="SMS\Resources\PiantaVillageDay.png" />
    <Image Include="SMS\Resources\blue_bird.png" />
  </ItemGroup>
</Project>